// !$*UTF8*$!
{
	archiveVersion = 1;
	classes = {
	};
	objectVersion = 55;
	objects = {

/* Begin PBXBuildFile section */
		E41438282A2D43B700C2B1BA /* DispatchTimeInterval+Extension.swift in Sources */ = {isa = PBXBuildFile; fileRef = E41438272A2D43B700C2B1BA /* DispatchTimeInterval+Extension.swift */; };
		E4B378502805D5A600FD7417 /* AppDelegate.swift in Sources */ = {isa = PBXBuildFile; fileRef = E4B3784F2805D5A600FD7417 /* AppDelegate.swift */; };
		E4B378522805D5A600FD7417 /* SceneDelegate.swift in Sources */ = {isa = PBXBuildFile; fileRef = E4B378512805D5A600FD7417 /* SceneDelegate.swift */; };
		E4B378542805D5A600FD7417 /* ViewController.swift in Sources */ = {isa = PBXBuildFile; fileRef = E4B378532805D5A600FD7417 /* ViewController.swift */; };
		E4B378572805D5A600FD7417 /* Main.storyboard in Resources */ = {isa = PBXBuildFile; fileRef = E4B378552805D5A600FD7417 /* Main.storyboard */; };
		E4B378592805D5AA00FD7417 /* Assets.xcassets in Resources */ = {isa = PBXBuildFile; fileRef = E4B378582805D5AA00FD7417 /* Assets.xcassets */; };
		E4B3785C2805D5AA00FD7417 /* LaunchScreen.storyboard in Resources */ = {isa = PBXBuildFile; fileRef = E4B3785A2805D5AA00FD7417 /* LaunchScreen.storyboard */; };
		E4B378672805D5AB00FD7417 /* RoboflowTestAppTests.swift in Sources */ = {isa = PBXBuildFile; fileRef = E4B378662805D5AB00FD7417 /* RoboflowTestAppTests.swift */; };
		E4B378712805D5AB00FD7417 /* RoboflowTestAppUITests.swift in Sources */ = {isa = PBXBuildFile; fileRef = E4B378702805D5AB00FD7417 /* RoboflowTestAppUITests.swift */; };
		E4B378732805D5AB00FD7417 /* RoboflowTestAppUITestsLaunchTests.swift in Sources */ = {isa = PBXBuildFile; fileRef = E4B378722805D5AB00FD7417 /* RoboflowTestAppUITestsLaunchTests.swift */; };
		E4E6D7FA28089176004FA7F8 /* Roboflow.framework in Frameworks */ = {isa = PBXBuildFile; fileRef = E4E6D7F928089176004FA7F8 /* Roboflow.framework */; };
		E4E6D7FB28089176004FA7F8 /* Roboflow.framework in Embed Frameworks */ = {isa = PBXBuildFile; fileRef = E4E6D7F928089176004FA7F8 /* Roboflow.framework */; settings = {ATTRIBUTES = (CodeSignOnCopy, RemoveHeadersOnCopy, ); }; };
/* End PBXBuildFile section */

/* Begin PBXContainerItemProxy section */
		E4B378632805D5AB00FD7417 /* PBXContainerItemProxy */ = {
			isa = PBXContainerItemProxy;
			containerPortal = E4B378442805D5A600FD7417 /* Project object */;
			proxyType = 1;
			remoteGlobalIDString = E4B3784B2805D5A600FD7417;
			remoteInfo = RoboflowTestApp;
		};
		E4B3786D2805D5AB00FD7417 /* PBXContainerItemProxy */ = {
			isa = PBXContainerItemProxy;
			containerPortal = E4B378442805D5A600FD7417 /* Project object */;
			proxyType = 1;
			remoteGlobalIDString = E4B3784B2805D5A600FD7417;
			remoteInfo = RoboflowTestApp;
		};
/* End PBXContainerItemProxy section */

/* Begin PBXCopyFilesBuildPhase section */
		E4E6D7FC28089176004FA7F8 /* Embed Frameworks */ = {
			isa = PBXCopyFilesBuildPhase;
			buildActionMask = 2147483647;
			dstPath = "";
			dstSubfolderSpec = 10;
			files = (
				E4E6D7FB28089176004FA7F8 /* Roboflow.framework in Embed Frameworks */,
			);
			name = "Embed Frameworks";
			runOnlyForDeploymentPostprocessing = 0;
		};
/* End PBXCopyFilesBuildPhase section */

/* Begin PBXFileReference section */
		E41438272A2D43B700C2B1BA /* DispatchTimeInterval+Extension.swift */ = {isa = PBXFileReference; lastKnownFileType = sourcecode.swift; path = "DispatchTimeInterval+Extension.swift"; sourceTree = "<group>"; };
		E4B3784C2805D5A600FD7417 /* RoboflowTestApp.app */ = {isa = PBXFileReference; explicitFileType = wrapper.application; includeInIndex = 0; path = RoboflowTestApp.app; sourceTree = BUILT_PRODUCTS_DIR; };
		E4B3784F2805D5A600FD7417 /* AppDelegate.swift */ = {isa = PBXFileReference; lastKnownFileType = sourcecode.swift; path = AppDelegate.swift; sourceTree = "<group>"; };
		E4B378512805D5A600FD7417 /* SceneDelegate.swift */ = {isa = PBXFileReference; lastKnownFileType = sourcecode.swift; path = SceneDelegate.swift; sourceTree = "<group>"; };
		E4B378532805D5A600FD7417 /* ViewController.swift */ = {isa = PBXFileReference; lastKnownFileType = sourcecode.swift; path = ViewController.swift; sourceTree = "<group>"; };
		E4B378562805D5A600FD7417 /* Base */ = {isa = PBXFileReference; lastKnownFileType = file.storyboard; name = Base; path = Base.lproj/Main.storyboard; sourceTree = "<group>"; };
		E4B378582805D5AA00FD7417 /* Assets.xcassets */ = {isa = PBXFileReference; lastKnownFileType = folder.assetcatalog; path = Assets.xcassets; sourceTree = "<group>"; };
		E4B3785B2805D5AA00FD7417 /* Base */ = {isa = PBXFileReference; lastKnownFileType = file.storyboard; name = Base; path = Base.lproj/LaunchScreen.storyboard; sourceTree = "<group>"; };
		E4B3785D2805D5AA00FD7417 /* Info.plist */ = {isa = PBXFileReference; lastKnownFileType = text.plist.xml; path = Info.plist; sourceTree = "<group>"; };
		E4B378622805D5AB00FD7417 /* RoboflowTestAppTests.xctest */ = {isa = PBXFileReference; explicitFileType = wrapper.cfbundle; includeInIndex = 0; path = RoboflowTestAppTests.xctest; sourceTree = BUILT_PRODUCTS_DIR; };
		E4B378662805D5AB00FD7417 /* RoboflowTestAppTests.swift */ = {isa = PBXFileReference; lastKnownFileType = sourcecode.swift; path = RoboflowTestAppTests.swift; sourceTree = "<group>"; };
		E4B3786C2805D5AB00FD7417 /* RoboflowTestAppUITests.xctest */ = {isa = PBXFileReference; explicitFileType = wrapper.cfbundle; includeInIndex = 0; path = RoboflowTestAppUITests.xctest; sourceTree = BUILT_PRODUCTS_DIR; };
		E4B378702805D5AB00FD7417 /* RoboflowTestAppUITests.swift */ = {isa = PBXFileReference; lastKnownFileType = sourcecode.swift; path = RoboflowTestAppUITests.swift; sourceTree = "<group>"; };
		E4B378722805D5AB00FD7417 /* RoboflowTestAppUITestsLaunchTests.swift */ = {isa = PBXFileReference; lastKnownFileType = sourcecode.swift; path = RoboflowTestAppUITestsLaunchTests.swift; sourceTree = "<group>"; };
		E4E6D7F928089176004FA7F8 /* Roboflow.framework */ = {isa = PBXFileReference; explicitFileType = wrapper.framework; path = Roboflow.framework; sourceTree = BUILT_PRODUCTS_DIR; };
/* End PBXFileReference section */

/* Begin PBXFrameworksBuildPhase section */
		E4B378492805D5A600FD7417 /* Frameworks */ = {
			isa = PBXFrameworksBuildPhase;
			buildActionMask = 2147483647;
			files = (
				E4E6D7FA28089176004FA7F8 /* Roboflow.framework in Frameworks */,
			);
			runOnlyForDeploymentPostprocessing = 0;
		};
		E4B3785F2805D5AB00FD7417 /* Frameworks */ = {
			isa = PBXFrameworksBuildPhase;
			buildActionMask = 2147483647;
			files = (
			);
			runOnlyForDeploymentPostprocessing = 0;
		};
		E4B378692805D5AB00FD7417 /* Frameworks */ = {
			isa = PBXFrameworksBuildPhase;
			buildActionMask = 2147483647;
			files = (
			);
			runOnlyForDeploymentPostprocessing = 0;
		};
/* End PBXFrameworksBuildPhase section */

/* Begin PBXGroup section */
		E4B378432805D5A600FD7417 = {
			isa = PBXGroup;
			children = (
				E4B3784E2805D5A600FD7417 /* RoboflowTestApp */,
				E4B378652805D5AB00FD7417 /* RoboflowTestAppTests */,
				E4B3786F2805D5AB00FD7417 /* RoboflowTestAppUITests */,
				E4B3784D2805D5A600FD7417 /* Products */,
				E4E6D7F828089176004FA7F8 /* Frameworks */,
			);
			sourceTree = "<group>";
		};
		E4B3784D2805D5A600FD7417 /* Products */ = {
			isa = PBXGroup;
			children = (
				E4B3784C2805D5A600FD7417 /* RoboflowTestApp.app */,
				E4B378622805D5AB00FD7417 /* RoboflowTestAppTests.xctest */,
				E4B3786C2805D5AB00FD7417 /* RoboflowTestAppUITests.xctest */,
			);
			name = Products;
			sourceTree = "<group>";
		};
		E4B3784E2805D5A600FD7417 /* RoboflowTestApp */ = {
			isa = PBXGroup;
			children = (
				E4B3784F2805D5A600FD7417 /* AppDelegate.swift */,
				E4B378512805D5A600FD7417 /* SceneDelegate.swift */,
				E4B378532805D5A600FD7417 /* ViewController.swift */,
				E41438272A2D43B700C2B1BA /* DispatchTimeInterval+Extension.swift */,
				E4B378552805D5A600FD7417 /* Main.storyboard */,
				E4B378582805D5AA00FD7417 /* Assets.xcassets */,
				E4B3785A2805D5AA00FD7417 /* LaunchScreen.storyboard */,
				E4B3785D2805D5AA00FD7417 /* Info.plist */,
			);
			path = RoboflowTestApp;
			sourceTree = "<group>";
		};
		E4B378652805D5AB00FD7417 /* RoboflowTestAppTests */ = {
			isa = PBXGroup;
			children = (
				E4B378662805D5AB00FD7417 /* RoboflowTestAppTests.swift */,
			);
			path = RoboflowTestAppTests;
			sourceTree = "<group>";
		};
		E4B3786F2805D5AB00FD7417 /* RoboflowTestAppUITests */ = {
			isa = PBXGroup;
			children = (
				E4B378702805D5AB00FD7417 /* RoboflowTestAppUITests.swift */,
				E4B378722805D5AB00FD7417 /* RoboflowTestAppUITestsLaunchTests.swift */,
			);
			path = RoboflowTestAppUITests;
			sourceTree = "<group>";
		};
		E4E6D7F828089176004FA7F8 /* Frameworks */ = {
			isa = PBXGroup;
			children = (
				E4E6D7F928089176004FA7F8 /* Roboflow.framework */,
			);
			name = Frameworks;
			sourceTree = "<group>";
		};
/* End PBXGroup section */

/* Begin PBXNativeTarget section */
		E4B3784B2805D5A600FD7417 /* RoboflowTestApp */ = {
			isa = PBXNativeTarget;
			buildConfigurationList = E4B378762805D5AB00FD7417 /* Build configuration list for PBXNativeTarget "RoboflowTestApp" */;
			buildPhases = (
				E4B378482805D5A600FD7417 /* Sources */,
				E4B378492805D5A600FD7417 /* Frameworks */,
				E4B3784A2805D5A600FD7417 /* Resources */,
				E4E6D7FC28089176004FA7F8 /* Embed Frameworks */,
			);
			buildRules = (
			);
			dependencies = (
			);
			name = RoboflowTestApp;
			productName = RoboflowTestApp;
			productReference = E4B3784C2805D5A600FD7417 /* RoboflowTestApp.app */;
			productType = "com.apple.product-type.application";
		};
		E4B378612805D5AB00FD7417 /* RoboflowTestAppTests */ = {
			isa = PBXNativeTarget;
			buildConfigurationList = E4B378792805D5AB00FD7417 /* Build configuration list for PBXNativeTarget "RoboflowTestAppTests" */;
			buildPhases = (
				E4B3785E2805D5AB00FD7417 /* Sources */,
				E4B3785F2805D5AB00FD7417 /* Frameworks */,
				E4B378602805D5AB00FD7417 /* Resources */,
			);
			buildRules = (
			);
			dependencies = (
				E4B378642805D5AB00FD7417 /* PBXTargetDependency */,
			);
			name = RoboflowTestAppTests;
			productName = RoboflowTestAppTests;
			productReference = E4B378622805D5AB00FD7417 /* RoboflowTestAppTests.xctest */;
			productType = "com.apple.product-type.bundle.unit-test";
		};
		E4B3786B2805D5AB00FD7417 /* RoboflowTestAppUITests */ = {
			isa = PBXNativeTarget;
			buildConfigurationList = E4B3787C2805D5AB00FD7417 /* Build configuration list for PBXNativeTarget "RoboflowTestAppUITests" */;
			buildPhases = (
				E4B378682805D5AB00FD7417 /* Sources */,
				E4B378692805D5AB00FD7417 /* Frameworks */,
				E4B3786A2805D5AB00FD7417 /* Resources */,
			);
			buildRules = (
			);
			dependencies = (
				E4B3786E2805D5AB00FD7417 /* PBXTargetDependency */,
			);
			name = RoboflowTestAppUITests;
			productName = RoboflowTestAppUITests;
			productReference = E4B3786C2805D5AB00FD7417 /* RoboflowTestAppUITests.xctest */;
			productType = "com.apple.product-type.bundle.ui-testing";
		};
/* End PBXNativeTarget section */

/* Begin PBXProject section */
		E4B378442805D5A600FD7417 /* Project object */ = {
			isa = PBXProject;
			attributes = {
				BuildIndependentTargetsInParallel = 1;
				LastSwiftUpdateCheck = 1330;
				LastUpgradeCheck = 1330;
				TargetAttributes = {
					E4B3784B2805D5A600FD7417 = {
						CreatedOnToolsVersion = 13.3.1;
					};
					E4B378612805D5AB00FD7417 = {
						CreatedOnToolsVersion = 13.3.1;
						TestTargetID = E4B3784B2805D5A600FD7417;
					};
					E4B3786B2805D5AB00FD7417 = {
						CreatedOnToolsVersion = 13.3.1;
						TestTargetID = E4B3784B2805D5A600FD7417;
					};
				};
			};
			buildConfigurationList = E4B378472805D5A600FD7417 /* Build configuration list for PBXProject "RoboflowTestApp" */;
			compatibilityVersion = "Xcode 13.0";
			developmentRegion = en;
			hasScannedForEncodings = 0;
			knownRegions = (
				en,
				Base,
			);
			mainGroup = E4B378432805D5A600FD7417;
			productRefGroup = E4B3784D2805D5A600FD7417 /* Products */;
			projectDirPath = "";
			projectRoot = "";
			targets = (
				E4B3784B2805D5A600FD7417 /* RoboflowTestApp */,
				E4B378612805D5AB00FD7417 /* RoboflowTestAppTests */,
				E4B3786B2805D5AB00FD7417 /* RoboflowTestAppUITests */,
			);
		};
/* End PBXProject section */

/* Begin PBXResourcesBuildPhase section */
		E4B3784A2805D5A600FD7417 /* Resources */ = {
			isa = PBXResourcesBuildPhase;
			buildActionMask = 2147483647;
			files = (
				E4B3785C2805D5AA00FD7417 /* LaunchScreen.storyboard in Resources */,
				E4B378592805D5AA00FD7417 /* Assets.xcassets in Resources */,
				E4B378572805D5A600FD7417 /* Main.storyboard in Resources */,
			);
			runOnlyForDeploymentPostprocessing = 0;
		};
		E4B378602805D5AB00FD7417 /* Resources */ = {
			isa = PBXResourcesBuildPhase;
			buildActionMask = 2147483647;
			files = (
			);
			runOnlyForDeploymentPostprocessing = 0;
		};
		E4B3786A2805D5AB00FD7417 /* Resources */ = {
			isa = PBXResourcesBuildPhase;
			buildActionMask = 2147483647;
			files = (
			);
			runOnlyForDeploymentPostprocessing = 0;
		};
/* End PBXResourcesBuildPhase section */

/* Begin PBXSourcesBuildPhase section */
		E4B378482805D5A600FD7417 /* Sources */ = {
			isa = PBXSourcesBuildPhase;
			buildActionMask = 2147483647;
			files = (
				E4B378542805D5A600FD7417 /* ViewController.swift in Sources */,
				E4B378502805D5A600FD7417 /* AppDelegate.swift in Sources */,
				E4B378522805D5A600FD7417 /* SceneDelegate.swift in Sources */,
				E41438282A2D43B700C2B1BA /* DispatchTimeInterval+Extension.swift in Sources */,
			);
			runOnlyForDeploymentPostprocessing = 0;
		};
		E4B3785E2805D5AB00FD7417 /* Sources */ = {
			isa = PBXSourcesBuildPhase;
			buildActionMask = 2147483647;
			files = (
				E4B378672805D5AB00FD7417 /* RoboflowTestAppTests.swift in Sources */,
			);
			runOnlyForDeploymentPostprocessing = 0;
		};
		E4B378682805D5AB00FD7417 /* Sources */ = {
			isa = PBXSourcesBuildPhase;
			buildActionMask = 2147483647;
			files = (
				E4B378732805D5AB00FD7417 /* RoboflowTestAppUITestsLaunchTests.swift in Sources */,
				E4B378712805D5AB00FD7417 /* RoboflowTestAppUITests.swift in Sources */,
			);
			runOnlyForDeploymentPostprocessing = 0;
		};
/* End PBXSourcesBuildPhase section */

/* Begin PBXTargetDependency section */
		E4B378642805D5AB00FD7417 /* PBXTargetDependency */ = {
			isa = PBXTargetDependency;
			target = E4B3784B2805D5A600FD7417 /* RoboflowTestApp */;
			targetProxy = E4B378632805D5AB00FD7417 /* PBXContainerItemProxy */;
		};
		E4B3786E2805D5AB00FD7417 /* PBXTargetDependency */ = {
			isa = PBXTargetDependency;
			target = E4B3784B2805D5A600FD7417 /* RoboflowTestApp */;
			targetProxy = E4B3786D2805D5AB00FD7417 /* PBXContainerItemProxy */;
		};
/* End PBXTargetDependency section */

/* Begin PBXVariantGroup section */
		E4B378552805D5A600FD7417 /* Main.storyboard */ = {
			isa = PBXVariantGroup;
			children = (
				E4B378562805D5A600FD7417 /* Base */,
			);
			name = Main.storyboard;
			sourceTree = "<group>";
		};
		E4B3785A2805D5AA00FD7417 /* LaunchScreen.storyboard */ = {
			isa = PBXVariantGroup;
			children = (
				E4B3785B2805D5AA00FD7417 /* Base */,
			);
			name = LaunchScreen.storyboard;
			sourceTree = "<group>";
		};
/* End PBXVariantGroup section */

/* Begin XCBuildConfiguration section */
		E4B378742805D5AB00FD7417 /* Debug */ = {
			isa = XCBuildConfiguration;
			buildSettings = {
				ALWAYS_SEARCH_USER_PATHS = NO;
				CLANG_ANALYZER_NONNULL = YES;
				CLANG_ANALYZER_NUMBER_OBJECT_CONVERSION = YES_AGGRESSIVE;
				CLANG_CXX_LANGUAGE_STANDARD = "gnu++17";
				CLANG_ENABLE_MODULES = YES;
				CLANG_ENABLE_OBJC_ARC = YES;
				CLANG_ENABLE_OBJC_WEAK = YES;
				CLANG_WARN_BLOCK_CAPTURE_AUTORELEASING = YES;
				CLANG_WARN_BOOL_CONVERSION = YES;
				CLANG_WARN_COMMA = YES;
				CLANG_WARN_CONSTANT_CONVERSION = YES;
				CLANG_WARN_DEPRECATED_OBJC_IMPLEMENTATIONS = YES;
				CLANG_WARN_DIRECT_OBJC_ISA_USAGE = YES_ERROR;
				CLANG_WARN_DOCUMENTATION_COMMENTS = YES;
				CLANG_WARN_EMPTY_BODY = YES;
				CLANG_WARN_ENUM_CONVERSION = YES;
				CLANG_WARN_INFINITE_RECURSION = YES;
				CLANG_WARN_INT_CONVERSION = YES;
				CLANG_WARN_NON_LITERAL_NULL_CONVERSION = YES;
				CLANG_WARN_OBJC_IMPLICIT_RETAIN_SELF = YES;
				CLANG_WARN_OBJC_LITERAL_CONVERSION = YES;
				CLANG_WARN_OBJC_ROOT_CLASS = YES_ERROR;
				CLANG_WARN_QUOTED_INCLUDE_IN_FRAMEWORK_HEADER = YES;
				CLANG_WARN_RANGE_LOOP_ANALYSIS = YES;
				CLANG_WARN_STRICT_PROTOTYPES = YES;
				CLANG_WARN_SUSPICIOUS_MOVE = YES;
				CLANG_WARN_UNGUARDED_AVAILABILITY = YES_AGGRESSIVE;
				CLANG_WARN_UNREACHABLE_CODE = YES;
				CLANG_WARN__DUPLICATE_METHOD_MATCH = YES;
				COPY_PHASE_STRIP = NO;
				DEBUG_INFORMATION_FORMAT = dwarf;
				ENABLE_STRICT_OBJC_MSGSEND = YES;
				ENABLE_TESTABILITY = YES;
				GCC_C_LANGUAGE_STANDARD = gnu11;
				GCC_DYNAMIC_NO_PIC = NO;
				GCC_NO_COMMON_BLOCKS = YES;
				GCC_OPTIMIZATION_LEVEL = 0;
				GCC_PREPROCESSOR_DEFINITIONS = (
					"DEBUG=1",
					"$(inherited)",
				);
				GCC_WARN_64_TO_32_BIT_CONVERSION = YES;
				GCC_WARN_ABOUT_RETURN_TYPE = YES_ERROR;
				GCC_WARN_UNDECLARED_SELECTOR = YES;
				GCC_WARN_UNINITIALIZED_AUTOS = YES_AGGRESSIVE;
				GCC_WARN_UNUSED_FUNCTION = YES;
				GCC_WARN_UNUSED_VARIABLE = YES;
				IPHONEOS_DEPLOYMENT_TARGET = 15.2;
				MTL_ENABLE_DEBUG_INFO = INCLUDE_SOURCE;
				MTL_FAST_MATH = YES;
				ONLY_ACTIVE_ARCH = YES;
				SDKROOT = iphoneos;
				SWIFT_ACTIVE_COMPILATION_CONDITIONS = DEBUG;
				SWIFT_OPTIMIZATION_LEVEL = "-Onone";
			};
			name = Debug;
		};
		E4B378752805D5AB00FD7417 /* Release */ = {
			isa = XCBuildConfiguration;
			buildSettings = {
				ALWAYS_SEARCH_USER_PATHS = NO;
				CLANG_ANALYZER_NONNULL = YES;
				CLANG_ANALYZER_NUMBER_OBJECT_CONVERSION = YES_AGGRESSIVE;
				CLANG_CXX_LANGUAGE_STANDARD = "gnu++17";
				CLANG_ENABLE_MODULES = YES;
				CLANG_ENABLE_OBJC_ARC = YES;
				CLANG_ENABLE_OBJC_WEAK = YES;
				CLANG_WARN_BLOCK_CAPTURE_AUTORELEASING = YES;
				CLANG_WARN_BOOL_CONVERSION = YES;
				CLANG_WARN_COMMA = YES;
				CLANG_WARN_CONSTANT_CONVERSION = YES;
				CLANG_WARN_DEPRECATED_OBJC_IMPLEMENTATIONS = YES;
				CLANG_WARN_DIRECT_OBJC_ISA_USAGE = YES_ERROR;
				CLANG_WARN_DOCUMENTATION_COMMENTS = YES;
				CLANG_WARN_EMPTY_BODY = YES;
				CLANG_WARN_ENUM_CONVERSION = YES;
				CLANG_WARN_INFINITE_RECURSION = YES;
				CLANG_WARN_INT_CONVERSION = YES;
				CLANG_WARN_NON_LITERAL_NULL_CONVERSION = YES;
				CLANG_WARN_OBJC_IMPLICIT_RETAIN_SELF = YES;
				CLANG_WARN_OBJC_LITERAL_CONVERSION = YES;
				CLANG_WARN_OBJC_ROOT_CLASS = YES_ERROR;
				CLANG_WARN_QUOTED_INCLUDE_IN_FRAMEWORK_HEADER = YES;
				CLANG_WARN_RANGE_LOOP_ANALYSIS = YES;
				CLANG_WARN_STRICT_PROTOTYPES = YES;
				CLANG_WARN_SUSPICIOUS_MOVE = YES;
				CLANG_WARN_UNGUARDED_AVAILABILITY = YES_AGGRESSIVE;
				CLANG_WARN_UNREACHABLE_CODE = YES;
				CLANG_WARN__DUPLICATE_METHOD_MATCH = YES;
				COPY_PHASE_STRIP = NO;
				DEBUG_INFORMATION_FORMAT = "dwarf-with-dsym";
				ENABLE_NS_ASSERTIONS = NO;
				ENABLE_STRICT_OBJC_MSGSEND = YES;
				GCC_C_LANGUAGE_STANDARD = gnu11;
				GCC_NO_COMMON_BLOCKS = YES;
				GCC_WARN_64_TO_32_BIT_CONVERSION = YES;
				GCC_WARN_ABOUT_RETURN_TYPE = YES_ERROR;
				GCC_WARN_UNDECLARED_SELECTOR = YES;
				GCC_WARN_UNINITIALIZED_AUTOS = YES_AGGRESSIVE;
				GCC_WARN_UNUSED_FUNCTION = YES;
				GCC_WARN_UNUSED_VARIABLE = YES;
				IPHONEOS_DEPLOYMENT_TARGET = 15.2;
				MTL_ENABLE_DEBUG_INFO = NO;
				MTL_FAST_MATH = YES;
				SDKROOT = iphoneos;
				SWIFT_COMPILATION_MODE = wholemodule;
				SWIFT_OPTIMIZATION_LEVEL = "-O";
				VALIDATE_PRODUCT = YES;
			};
			name = Release;
		};
		E4B378772805D5AB00FD7417 /* Debug */ = {
			isa = XCBuildConfiguration;
			buildSettings = {
				ASSETCATALOG_COMPILER_APPICON_NAME = AppIcon;
				ASSETCATALOG_COMPILER_GLOBAL_ACCENT_COLOR_NAME = AccentColor;
				CODE_SIGN_STYLE = Automatic;
				CURRENT_PROJECT_VERSION = 1;
				DEVELOPMENT_TEAM = "";
				GENERATE_INFOPLIST_FILE = YES;
				INFOPLIST_FILE = RoboflowTestApp/Info.plist;
				INFOPLIST_KEY_NSCameraUsageDescription = "Camera required for Roboflow image inference.";
				INFOPLIST_KEY_UIApplicationSupportsIndirectInputEvents = YES;
				INFOPLIST_KEY_UILaunchStoryboardName = LaunchScreen;
				INFOPLIST_KEY_UIMainStoryboardFile = Main;
				INFOPLIST_KEY_UISupportedInterfaceOrientations = UIInterfaceOrientationPortrait;
				INFOPLIST_KEY_UISupportedInterfaceOrientations_iPad = "UIInterfaceOrientationLandscapeLeft UIInterfaceOrientationLandscapeRight UIInterfaceOrientationPortrait UIInterfaceOrientationPortraitUpsideDown";
				LD_RUNPATH_SEARCH_PATHS = (
					"$(inherited)",
					"@executable_path/Frameworks",
				);
				MARKETING_VERSION = 1.0;
				PRODUCT_BUNDLE_IDENTIFIER = com.roboflow.RoboflowTestApp;
				PRODUCT_NAME = "$(TARGET_NAME)";
				SWIFT_EMIT_LOC_STRINGS = YES;
				SWIFT_VERSION = 5.0;
				TARGETED_DEVICE_FAMILY = "1,2";
			};
			name = Debug;
		};
		E4B378782805D5AB00FD7417 /* Release */ = {
			isa = XCBuildConfiguration;
			buildSettings = {
				ASSETCATALOG_COMPILER_APPICON_NAME = AppIcon;
				ASSETCATALOG_COMPILER_GLOBAL_ACCENT_COLOR_NAME = AccentColor;
				CODE_SIGN_STYLE = Automatic;
				CURRENT_PROJECT_VERSION = 1;
				DEVELOPMENT_TEAM = "";
				GENERATE_INFOPLIST_FILE = YES;
				INFOPLIST_FILE = RoboflowTestApp/Info.plist;
				INFOPLIST_KEY_NSCameraUsageDescription = "Camera required for Roboflow image inference.";
				INFOPLIST_KEY_UIApplicationSupportsIndirectInputEvents = YES;
				INFOPLIST_KEY_UILaunchStoryboardName = LaunchScreen;
				INFOPLIST_KEY_UIMainStoryboardFile = Main;
				INFOPLIST_KEY_UISupportedInterfaceOrientations = UIInterfaceOrientationPortrait;
				INFOPLIST_KEY_UISupportedInterfaceOrientations_iPad = "UIInterfaceOrientationLandscapeLeft UIInterfaceOrientationLandscapeRight UIInterfaceOrientationPortrait UIInterfaceOrientationPortraitUpsideDown";
				LD_RUNPATH_SEARCH_PATHS = (
					"$(inherited)",
					"@executable_path/Frameworks",
				);
				MARKETING_VERSION = 1.0;
				PRODUCT_BUNDLE_IDENTIFIER = com.roboflow.RoboflowTestApp;
				PRODUCT_NAME = "$(TARGET_NAME)";
				SWIFT_EMIT_LOC_STRINGS = YES;
				SWIFT_VERSION = 5.0;
				TARGETED_DEVICE_FAMILY = "1,2";
			};
			name = Release;
		};
		E4B3787A2805D5AB00FD7417 /* Debug */ = {
			isa = XCBuildConfiguration;
			buildSettings = {
				ALWAYS_EMBED_SWIFT_STANDARD_LIBRARIES = YES;
				BUNDLE_LOADER = "$(TEST_HOST)";
				CODE_SIGN_STYLE = Automatic;
				CURRENT_PROJECT_VERSION = 1;
				DEVELOPMENT_TEAM = 6QDK6789A6;
				GENERATE_INFOPLIST_FILE = YES;
				IPHONEOS_DEPLOYMENT_TARGET = 15.4;
				MARKETING_VERSION = 1.0;
				PRODUCT_BUNDLE_IDENTIFIER = com.roboflow.RoboflowTestAppTests;
				PRODUCT_NAME = "$(TARGET_NAME)";
				SWIFT_EMIT_LOC_STRINGS = NO;
				SWIFT_VERSION = 5.0;
				TARGETED_DEVICE_FAMILY = "1,2";
				TEST_HOST = "$(BUILT_PRODUCTS_DIR)/RoboflowTestApp.app/RoboflowTestApp";
			};
			name = Debug;
		};
		E4B3787B2805D5AB00FD7417 /* Release */ = {
			isa = XCBuildConfiguration;
			buildSettings = {
				ALWAYS_EMBED_SWIFT_STANDARD_LIBRARIES = YES;
				BUNDLE_LOADER = "$(TEST_HOST)";
				CODE_SIGN_STYLE = Automatic;
				CURRENT_PROJECT_VERSION = 1;
				DEVELOPMENT_TEAM = 6QDK6789A6;
				GENERATE_INFOPLIST_FILE = YES;
				IPHONEOS_DEPLOYMENT_TARGET = 15.4;
				MARKETING_VERSION = 1.0;
				PRODUCT_BUNDLE_IDENTIFIER = com.roboflow.RoboflowTestAppTests;
				PRODUCT_NAME = "$(TARGET_NAME)";
				SWIFT_EMIT_LOC_STRINGS = NO;
				SWIFT_VERSION = 5.0;
				TARGETED_DEVICE_FAMILY = "1,2";
				TEST_HOST = "$(BUILT_PRODUCTS_DIR)/RoboflowTestApp.app/RoboflowTestApp";
			};
			name = Release;
		};
		E4B3787D2805D5AB00FD7417 /* Debug */ = {
			isa = XCBuildConfiguration;
			buildSettings = {
				ALWAYS_EMBED_SWIFT_STANDARD_LIBRARIES = YES;
				CODE_SIGN_STYLE = Automatic;
				CURRENT_PROJECT_VERSION = 1;
				DEVELOPMENT_TEAM = 6QDK6789A6;
				GENERATE_INFOPLIST_FILE = YES;
				MARKETING_VERSION = 1.0;
				PRODUCT_BUNDLE_IDENTIFIER = com.roboflow.RoboflowTestAppUITests;
				PRODUCT_NAME = "$(TARGET_NAME)";
				SWIFT_EMIT_LOC_STRINGS = NO;
				SWIFT_VERSION = 5.0;
				TARGETED_DEVICE_FAMILY = "1,2";
				TEST_TARGET_NAME = RoboflowTestApp;
			};
			name = Debug;
		};
		E4B3787E2805D5AB00FD7417 /* Release */ = {
			isa = XCBuildConfiguration;
			buildSettings = {
				ALWAYS_EMBED_SWIFT_STANDARD_LIBRARIES = YES;
				CODE_SIGN_STYLE = Automatic;
				CURRENT_PROJECT_VERSION = 1;
				DEVELOPMENT_TEAM = 6QDK6789A6;
				GENERATE_INFOPLIST_FILE = YES;
				MARKETING_VERSION = 1.0;
				PRODUCT_BUNDLE_IDENTIFIER = com.roboflow.RoboflowTestAppUITests;
				PRODUCT_NAME = "$(TARGET_NAME)";
				SWIFT_EMIT_LOC_STRINGS = NO;
				SWIFT_VERSION = 5.0;
				TARGETED_DEVICE_FAMILY = "1,2";
				TEST_TARGET_NAME = RoboflowTestApp;
			};
			name = Release;
		};
/* End XCBuildConfiguration section */

/* Begin XCConfigurationList section */
		E4B378472805D5A600FD7417 /* Build configuration list for PBXProject "RoboflowTestApp" */ = {
			isa = XCConfigurationList;
			buildConfigurations = (
				E4B378742805D5AB00FD7417 /* Debug */,
				E4B378752805D5AB00FD7417 /* Release */,
			);
			defaultConfigurationIsVisible = 0;
			defaultConfigurationName = Release;
		};
		E4B378762805D5AB00FD7417 /* Build configuration list for PBXNativeTarget "RoboflowTestApp" */ = {
			isa = XCConfigurationList;
			buildConfigurations = (
				E4B378772805D5AB00FD7417 /* Debug */,
				E4B378782805D5AB00FD7417 /* Release */,
			);
			defaultConfigurationIsVisible = 0;
			defaultConfigurationName = Release;
		};
		E4B378792805D5AB00FD7417 /* Build configuration list for PBXNativeTarget "RoboflowTestAppTests" */ = {
			isa = XCConfigurationList;
			buildConfigurations = (
				E4B3787A2805D5AB00FD7417 /* Debug */,
				E4B3787B2805D5AB00FD7417 /* Release */,
			);
			defaultConfigurationIsVisible = 0;
			defaultConfigurationName = Release;
		};
		E4B3787C2805D5AB00FD7417 /* Build configuration list for PBXNativeTarget "RoboflowTestAppUITests" */ = {
			isa = XCConfigurationList;
			buildConfigurations = (
				E4B3787D2805D5AB00FD7417 /* Debug */,
				E4B3787E2805D5AB00FD7417 /* Release */,
			);
			defaultConfigurationIsVisible = 0;
			defaultConfigurationName = Release;
		};
/* End XCConfigurationList section */
	};
	rootObject = E4B378442805D5A600FD7417 /* Project object */;
}
