// !$*UTF8*$!
{
	archiveVersion = 1;
	classes = {
	};
	objectVersion = 77;
	objects = {

/* Begin PBXBuildFile section */
		BB6B35B02E2EF81C00CE2FCF /* Roboflow in Frameworks */ = {isa = PBXBuildFile; productRef = BB6B35AF2E2EF81C00CE2FCF /* Roboflow */; };
/* End PBXBuildFile section */

/* Begin PBXContainerItemProxy section */
		BB4712272E2EF41A00FDA56F /* PBXContainerItemProxy */ = {
			isa = PBXContainerItemProxy;
			containerPortal = BB4712102E2EF41900FDA56F /* Project object */;
			proxyType = 1;
			remoteGlobalIDString = BB4712172E2EF41900FDA56F;
			remoteInfo = "Roboflow Swift Benchmark";
		};
		BB4712312E2EF41A00FDA56F /* PBXContainerItemProxy */ = {
			isa = PBXContainerItemProxy;
			containerPortal = BB4712102E2EF41900FDA56F /* Project object */;
			proxyType = 1;
			remoteGlobalIDString = BB4712172E2EF41900FDA56F;
			remoteInfo = "Roboflow Swift Benchmark";
		};
/* End PBXContainerItemProxy section */

/* Begin PBXFileReference section */
		BB4712182E2EF41900FDA56F /* Roboflow Swift Benchmark.app */ = {isa = PBXFileReference; explicitFileType = wrapper.application; includeInIndex = 0; path = "Roboflow Swift Benchmark.app"; sourceTree = BUILT_PRODUCTS_DIR; };
		BB4712262E2EF41A00FDA56F /* Roboflow Swift BenchmarkTests.xctest */ = {isa = PBXFileReference; explicitFileType = wrapper.cfbundle; includeInIndex = 0; path = "Roboflow Swift BenchmarkTests.xctest"; sourceTree = BUILT_PRODUCTS_DIR; };
		BB4712302E2EF41A00FDA56F /* Roboflow Swift BenchmarkUITests.xctest */ = {isa = PBXFileReference; explicitFileType = wrapper.cfbundle; includeInIndex = 0; path = "Roboflow Swift BenchmarkUITests.xctest"; sourceTree = BUILT_PRODUCTS_DIR; };
/* End PBXFileReference section */

/* Begin PBXFileSystemSynchronizedBuildFileExceptionSet section */
		BB6B35B22E2EFBCF00CE2FCF /* Exceptions for "Roboflow Swift Benchmark" folder in "Roboflow Swift Benchmark" target */ = {
			isa = PBXFileSystemSynchronizedBuildFileExceptionSet;
			membershipExceptions = (
				"Roboflow-Swift-Benchmark-Info.plist",
			);
			target = BB4712172E2EF41900FDA56F /* Roboflow Swift Benchmark */;
		};
/* End PBXFileSystemSynchronizedBuildFileExceptionSet section */

/* Begin PBXFileSystemSynchronizedRootGroup section */
		BB47121A2E2EF41900FDA56F /* Roboflow Swift Benchmark */ = {
			isa = PBXFileSystemSynchronizedRootGroup;
			exceptions = (
				BB6B35B22E2EFBCF00CE2FCF /* Exceptions for "Roboflow Swift Benchmark" folder in "Roboflow Swift Benchmark" target */,
			);
			path = "Roboflow Swift Benchmark";
			sourceTree = "<group>";
		};
		BB4712292E2EF41A00FDA56F /* Roboflow Swift BenchmarkTests */ = {
			isa = PBXFileSystemSynchronizedRootGroup;
			path = "Roboflow Swift BenchmarkTests";
			sourceTree = "<group>";
		};
		BB4712332E2EF41A00FDA56F /* Roboflow Swift BenchmarkUITests */ = {
			isa = PBXFileSystemSynchronizedRootGroup;
			path = "Roboflow Swift BenchmarkUITests";
			sourceTree = "<group>";
		};
/* End PBXFileSystemSynchronizedRootGroup section */

/* Begin PBXFrameworksBuildPhase section */
		BB4712152E2EF41900FDA56F /* Frameworks */ = {
			isa = PBXFrameworksBuildPhase;
			buildActionMask = 2147483647;
			files = (
				BB6B35B02E2EF81C00CE2FCF /* Roboflow in Frameworks */,
			);
			runOnlyForDeploymentPostprocessing = 0;
		};
		BB4712232E2EF41A00FDA56F /* Frameworks */ = {
			isa = PBXFrameworksBuildPhase;
			buildActionMask = 2147483647;
			files = (
			);
			runOnlyForDeploymentPostprocessing = 0;
		};
		BB47122D2E2EF41A00FDA56F /* Frameworks */ = {
			isa = PBXFrameworksBuildPhase;
			buildActionMask = 2147483647;
			files = (
			);
			runOnlyForDeploymentPostprocessing = 0;
		};
/* End PBXFrameworksBuildPhase section */

/* Begin PBXGroup section */
		BB47120F2E2EF41900FDA56F = {
			isa = PBXGroup;
			children = (
				BB47121A2E2EF41900FDA56F /* Roboflow Swift Benchmark */,
				BB4712292E2EF41A00FDA56F /* Roboflow Swift BenchmarkTests */,
				BB4712332E2EF41A00FDA56F /* Roboflow Swift BenchmarkUITests */,
				BB4712192E2EF41900FDA56F /* Products */,
			);
			sourceTree = "<group>";
		};
		BB4712192E2EF41900FDA56F /* Products */ = {
			isa = PBXGroup;
			children = (
				BB4712182E2EF41900FDA56F /* Roboflow Swift Benchmark.app */,
				BB4712262E2EF41A00FDA56F /* Roboflow Swift BenchmarkTests.xctest */,
				BB4712302E2EF41A00FDA56F /* Roboflow Swift BenchmarkUITests.xctest */,
			);
			name = Products;
			sourceTree = "<group>";
		};
/* End PBXGroup section */

/* Begin PBXNativeTarget section */
		BB4712172E2EF41900FDA56F /* Roboflow Swift Benchmark */ = {
			isa = PBXNativeTarget;
			buildConfigurationList = BB47123A2E2EF41A00FDA56F /* Build configuration list for PBXNativeTarget "Roboflow Swift Benchmark" */;
			buildPhases = (
				BB4712142E2EF41900FDA56F /* Sources */,
				BB4712152E2EF41900FDA56F /* Frameworks */,
				BB4712162E2EF41900FDA56F /* Resources */,
			);
			buildRules = (
			);
			dependencies = (
			);
			fileSystemSynchronizedGroups = (
				BB47121A2E2EF41900FDA56F /* Roboflow Swift Benchmark */,
			);
			name = "Roboflow Swift Benchmark";
			packageProductDependencies = (
				BB6B35AF2E2EF81C00CE2FCF /* Roboflow */,
			);
			productName = "Roboflow Swift Benchmark";
			productReference = BB4712182E2EF41900FDA56F /* Roboflow Swift Benchmark.app */;
			productType = "com.apple.product-type.application";
		};
		BB4712252E2EF41A00FDA56F /* Roboflow Swift BenchmarkTests */ = {
			isa = PBXNativeTarget;
			buildConfigurationList = BB47123D2E2EF41A00FDA56F /* Build configuration list for PBXNativeTarget "Roboflow Swift BenchmarkTests" */;
			buildPhases = (
				BB4712222E2EF41A00FDA56F /* Sources */,
				BB4712232E2EF41A00FDA56F /* Frameworks */,
				BB4712242E2EF41A00FDA56F /* Resources */,
			);
			buildRules = (
			);
			dependencies = (
				BB4712282E2EF41A00FDA56F /* PBXTargetDependency */,
			);
			fileSystemSynchronizedGroups = (
				BB4712292E2EF41A00FDA56F /* Roboflow Swift BenchmarkTests */,
			);
			name = "Roboflow Swift BenchmarkTests";
			packageProductDependencies = (
			);
			productName = "Roboflow Swift BenchmarkTests";
			productReference = BB4712262E2EF41A00FDA56F /* Roboflow Swift BenchmarkTests.xctest */;
			productType = "com.apple.product-type.bundle.unit-test";
		};
		BB47122F2E2EF41A00FDA56F /* Roboflow Swift BenchmarkUITests */ = {
			isa = PBXNativeTarget;
			buildConfigurationList = BB4712402E2EF41A00FDA56F /* Build configuration list for PBXNativeTarget "Roboflow Swift BenchmarkUITests" */;
			buildPhases = (
				BB47122C2E2EF41A00FDA56F /* Sources */,
				BB47122D2E2EF41A00FDA56F /* Frameworks */,
				BB47122E2E2EF41A00FDA56F /* Resources */,
			);
			buildRules = (
			);
			dependencies = (
				BB4712322E2EF41A00FDA56F /* PBXTargetDependency */,
			);
			fileSystemSynchronizedGroups = (
				BB4712332E2EF41A00FDA56F /* Roboflow Swift BenchmarkUITests */,
			);
			name = "Roboflow Swift BenchmarkUITests";
			packageProductDependencies = (
			);
			productName = "Roboflow Swift BenchmarkUITests";
			productReference = BB4712302E2EF41A00FDA56F /* Roboflow Swift BenchmarkUITests.xctest */;
			productType = "com.apple.product-type.bundle.ui-testing";
		};
/* End PBXNativeTarget section */

/* Begin PBXProject section */
		BB4712102E2EF41900FDA56F /* Project object */ = {
			isa = PBXProject;
			attributes = {
				BuildIndependentTargetsInParallel = 1;
				LastSwiftUpdateCheck = 1640;
				LastUpgradeCheck = 1640;
				TargetAttributes = {
					BB4712172E2EF41900FDA56F = {
						CreatedOnToolsVersion = 16.4;
					};
					BB4712252E2EF41A00FDA56F = {
						CreatedOnToolsVersion = 16.4;
						TestTargetID = BB4712172E2EF41900FDA56F;
					};
					BB47122F2E2EF41A00FDA56F = {
						CreatedOnToolsVersion = 16.4;
						TestTargetID = BB4712172E2EF41900FDA56F;
					};
				};
			};
			buildConfigurationList = BB4712132E2EF41900FDA56F /* Build configuration list for PBXProject "Roboflow Swift Benchmark" */;
			developmentRegion = en;
			hasScannedForEncodings = 0;
			knownRegions = (
				en,
				Base,
			);
			mainGroup = BB47120F2E2EF41900FDA56F;
			minimizedProjectReferenceProxies = 1;
			packageReferences = (
				BB6B35AE2E2EF81C00CE2FCF /* XCLocalSwiftPackageReference "../../../roboflow-swift" */,
			);
			preferredProjectObjectVersion = 77;
			productRefGroup = BB4712192E2EF41900FDA56F /* Products */;
			projectDirPath = "";
			projectRoot = "";
			targets = (
				BB4712172E2EF41900FDA56F /* Roboflow Swift Benchmark */,
				BB4712252E2EF41A00FDA56F /* Roboflow Swift BenchmarkTests */,
				BB47122F2E2EF41A00FDA56F /* Roboflow Swift BenchmarkUITests */,
			);
		};
/* End PBXProject section */

/* Begin PBXResourcesBuildPhase section */
		BB4712162E2EF41900FDA56F /* Resources */ = {
			isa = PBXResourcesBuildPhase;
			buildActionMask = 2147483647;
			files = (
			);
			runOnlyForDeploymentPostprocessing = 0;
		};
		BB4712242E2EF41A00FDA56F /* Resources */ = {
			isa = PBXResourcesBuildPhase;
			buildActionMask = 2147483647;
			files = (
			);
			runOnlyForDeploymentPostprocessing = 0;
		};
		BB47122E2E2EF41A00FDA56F /* Resources */ = {
			isa = PBXResourcesBuildPhase;
			buildActionMask = 2147483647;
			files = (
			);
			runOnlyForDeploymentPostprocessing = 0;
		};
/* End PBXResourcesBuildPhase section */

/* Begin PBXSourcesBuildPhase section */
		BB4712142E2EF41900FDA56F /* Sources */ = {
			isa = PBXSourcesBuildPhase;
			buildActionMask = 2147483647;
			files = (
			);
			runOnlyForDeploymentPostprocessing = 0;
		};
		BB4712222E2EF41A00FDA56F /* Sources */ = {
			isa = PBXSourcesBuildPhase;
			buildActionMask = 2147483647;
			files = (
			);
			runOnlyForDeploymentPostprocessing = 0;
		};
		BB47122C2E2EF41A00FDA56F /* Sources */ = {
			isa = PBXSourcesBuildPhase;
			buildActionMask = 2147483647;
			files = (
			);
			runOnlyForDeploymentPostprocessing = 0;
		};
/* End PBXSourcesBuildPhase section */

/* Begin PBXTargetDependency section */
		BB4712282E2EF41A00FDA56F /* PBXTargetDependency */ = {
			isa = PBXTargetDependency;
			target = BB4712172E2EF41900FDA56F /* Roboflow Swift Benchmark */;
			targetProxy = BB4712272E2EF41A00FDA56F /* PBXContainerItemProxy */;
		};
		BB4712322E2EF41A00FDA56F /* PBXTargetDependency */ = {
			isa = PBXTargetDependency;
			target = BB4712172E2EF41900FDA56F /* Roboflow Swift Benchmark */;
			targetProxy = BB4712312E2EF41A00FDA56F /* PBXContainerItemProxy */;
		};
/* End PBXTargetDependency section */

/* Begin XCBuildConfiguration section */
		BB4712382E2EF41A00FDA56F /* Debug */ = {
			isa = XCBuildConfiguration;
			buildSettings = {
				ALWAYS_SEARCH_USER_PATHS = NO;
				ASSETCATALOG_COMPILER_GENERATE_SWIFT_ASSET_SYMBOL_EXTENSIONS = YES;
				CLANG_ANALYZER_NONNULL = YES;
				CLANG_ANALYZER_NUMBER_OBJECT_CONVERSION = YES_AGGRESSIVE;
				CLANG_CXX_LANGUAGE_STANDARD = "gnu++20";
				CLANG_ENABLE_MODULES = YES;
				CLANG_ENABLE_OBJC_ARC = YES;
				CLANG_ENABLE_OBJC_WEAK = YES;
				CLANG_WARN_BLOCK_CAPTURE_AUTORELEASING = YES;
				CLANG_WARN_BOOL_CONVERSION = YES;
				CLANG_WARN_COMMA = YES;
				CLANG_WARN_CONSTANT_CONVERSION = YES;
				CLANG_WARN_DEPRECATED_OBJC_IMPLEMENTATIONS = YES;
				CLANG_WARN_DIRECT_OBJC_ISA_USAGE = YES_ERROR;
				CLANG_WARN_DOCUMENTATION_COMMENTS = YES;
				CLANG_WARN_EMPTY_BODY = YES;
				CLANG_WARN_ENUM_CONVERSION = YES;
				CLANG_WARN_INFINITE_RECURSION = YES;
				CLANG_WARN_INT_CONVERSION = YES;
				CLANG_WARN_NON_LITERAL_NULL_CONVERSION = YES;
				CLANG_WARN_OBJC_IMPLICIT_RETAIN_SELF = YES;
				CLANG_WARN_OBJC_LITERAL_CONVERSION = YES;
				CLANG_WARN_OBJC_ROOT_CLASS = YES_ERROR;
				CLANG_WARN_QUOTED_INCLUDE_IN_FRAMEWORK_HEADER = YES;
				CLANG_WARN_RANGE_LOOP_ANALYSIS = YES;
				CLANG_WARN_STRICT_PROTOTYPES = YES;
				CLANG_WARN_SUSPICIOUS_MOVE = YES;
				CLANG_WARN_UNGUARDED_AVAILABILITY = YES_AGGRESSIVE;
				CLANG_WARN_UNREACHABLE_CODE = YES;
				CLANG_WARN__DUPLICATE_METHOD_MATCH = YES;
				COPY_PHASE_STRIP = NO;
				DEBUG_INFORMATION_FORMAT = dwarf;
				DEVELOPMENT_TEAM = 7SBQ39NG7G;
				ENABLE_STRICT_OBJC_MSGSEND = YES;
				ENABLE_TESTABILITY = YES;
				ENABLE_USER_SCRIPT_SANDBOXING = YES;
				GCC_C_LANGUAGE_STANDARD = gnu17;
				GCC_DYNAMIC_NO_PIC = NO;
				GCC_NO_COMMON_BLOCKS = YES;
				GCC_OPTIMIZATION_LEVEL = 0;
				GCC_PREPROCESSOR_DEFINITIONS = (
					"DEBUG=1",
					"$(inherited)",
				);
				GCC_WARN_64_TO_32_BIT_CONVERSION = YES;
				GCC_WARN_ABOUT_RETURN_TYPE = YES_ERROR;
				GCC_WARN_UNDECLARED_SELECTOR = YES;
				GCC_WARN_UNINITIALIZED_AUTOS = YES_AGGRESSIVE;
				GCC_WARN_UNUSED_FUNCTION = YES;
				GCC_WARN_UNUSED_VARIABLE = YES;
				LOCALIZATION_PREFERS_STRING_CATALOGS = YES;
				MTL_ENABLE_DEBUG_INFO = INCLUDE_SOURCE;
				MTL_FAST_MATH = YES;
				ONLY_ACTIVE_ARCH = YES;
				SWIFT_ACTIVE_COMPILATION_CONDITIONS = "DEBUG $(inherited)";
				SWIFT_OPTIMIZATION_LEVEL = "-Onone";
			};
			name = Debug;
		};
		BB4712392E2EF41A00FDA56F /* Release */ = {
			isa = XCBuildConfiguration;
			buildSettings = {
				ALWAYS_SEARCH_USER_PATHS = NO;
				ASSETCATALOG_COMPILER_GENERATE_SWIFT_ASSET_SYMBOL_EXTENSIONS = YES;
				CLANG_ANALYZER_NONNULL = YES;
				CLANG_ANALYZER_NUMBER_OBJECT_CONVERSION = YES_AGGRESSIVE;
				CLANG_CXX_LANGUAGE_STANDARD = "gnu++20";
				CLANG_ENABLE_MODULES = YES;
				CLANG_ENABLE_OBJC_ARC = YES;
				CLANG_ENABLE_OBJC_WEAK = YES;
				CLANG_WARN_BLOCK_CAPTURE_AUTORELEASING = YES;
				CLANG_WARN_BOOL_CONVERSION = YES;
				CLANG_WARN_COMMA = YES;
				CLANG_WARN_CONSTANT_CONVERSION = YES;
				CLANG_WARN_DEPRECATED_OBJC_IMPLEMENTATIONS = YES;
				CLANG_WARN_DIRECT_OBJC_ISA_USAGE = YES_ERROR;
				CLANG_WARN_DOCUMENTATION_COMMENTS = YES;
				CLANG_WARN_EMPTY_BODY = YES;
				CLANG_WARN_ENUM_CONVERSION = YES;
				CLANG_WARN_INFINITE_RECURSION = YES;
				CLANG_WARN_INT_CONVERSION = YES;
				CLANG_WARN_NON_LITERAL_NULL_CONVERSION = YES;
				CLANG_WARN_OBJC_IMPLICIT_RETAIN_SELF = YES;
				CLANG_WARN_OBJC_LITERAL_CONVERSION = YES;
				CLANG_WARN_OBJC_ROOT_CLASS = YES_ERROR;
				CLANG_WARN_QUOTED_INCLUDE_IN_FRAMEWORK_HEADER = YES;
				CLANG_WARN_RANGE_LOOP_ANALYSIS = YES;
				CLANG_WARN_STRICT_PROTOTYPES = YES;
				CLANG_WARN_SUSPICIOUS_MOVE = YES;
				CLANG_WARN_UNGUARDED_AVAILABILITY = YES_AGGRESSIVE;
				CLANG_WARN_UNREACHABLE_CODE = YES;
				CLANG_WARN__DUPLICATE_METHOD_MATCH = YES;
				COPY_PHASE_STRIP = NO;
				DEBUG_INFORMATION_FORMAT = "dwarf-with-dsym";
				DEVELOPMENT_TEAM = 7SBQ39NG7G;
				ENABLE_NS_ASSERTIONS = NO;
				ENABLE_STRICT_OBJC_MSGSEND = YES;
				ENABLE_USER_SCRIPT_SANDBOXING = YES;
				GCC_C_LANGUAGE_STANDARD = gnu17;
				GCC_NO_COMMON_BLOCKS = YES;
				GCC_WARN_64_TO_32_BIT_CONVERSION = YES;
				GCC_WARN_ABOUT_RETURN_TYPE = YES_ERROR;
				GCC_WARN_UNDECLARED_SELECTOR = YES;
				GCC_WARN_UNINITIALIZED_AUTOS = YES_AGGRESSIVE;
				GCC_WARN_UNUSED_FUNCTION = YES;
				GCC_WARN_UNUSED_VARIABLE = YES;
				LOCALIZATION_PREFERS_STRING_CATALOGS = YES;
				MTL_ENABLE_DEBUG_INFO = NO;
				MTL_FAST_MATH = YES;
				SWIFT_COMPILATION_MODE = wholemodule;
			};
			name = Release;
		};
		BB47123B2E2EF41A00FDA56F /* Debug */ = {
			isa = XCBuildConfiguration;
			buildSettings = {
				ASSETCATALOG_COMPILER_APPICON_NAME = AppIcon;
				ASSETCATALOG_COMPILER_GLOBAL_ACCENT_COLOR_NAME = AccentColor;
				CODE_SIGN_ENTITLEMENTS = "Roboflow Swift Benchmark/Roboflow_Swift_Benchmark.entitlements";
				CODE_SIGN_STYLE = Automatic;
				CURRENT_PROJECT_VERSION = 1;
				DEVELOPMENT_TEAM = 7SBQ39NG7G;
				ENABLE_HARDENED_RUNTIME = YES;
				ENABLE_PREVIEWS = YES;
				GENERATE_INFOPLIST_FILE = YES;
				INFOPLIST_FILE = "Roboflow-Swift-Benchmark-Info.plist";
				"INFOPLIST_KEY_UIApplicationSceneManifest_Generation[sdk=iphoneos*]" = YES;
				"INFOPLIST_KEY_UIApplicationSceneManifest_Generation[sdk=iphonesimulator*]" = YES;
				"INFOPLIST_KEY_UIApplicationSupportsIndirectInputEvents[sdk=iphoneos*]" = YES;
				"INFOPLIST_KEY_UIApplicationSupportsIndirectInputEvents[sdk=iphonesimulator*]" = YES;
				"INFOPLIST_KEY_UILaunchScreen_Generation[sdk=iphoneos*]" = YES;
				"INFOPLIST_KEY_UILaunchScreen_Generation[sdk=iphonesimulator*]" = YES;
				"INFOPLIST_KEY_UIStatusBarStyle[sdk=iphoneos*]" = UIStatusBarStyleDefault;
				"INFOPLIST_KEY_UIStatusBarStyle[sdk=iphonesimulator*]" = UIStatusBarStyleDefault;
				INFOPLIST_KEY_UISupportedInterfaceOrientations_iPad = "UIInterfaceOrientationPortrait UIInterfaceOrientationPortraitUpsideDown UIInterfaceOrientationLandscapeLeft UIInterfaceOrientationLandscapeRight";
				IPHONEOS_DEPLOYMENT_TARGET = 18.5;
				LD_RUNPATH_SEARCH_PATHS = "@executable_path/Frameworks";
				"LD_RUNPATH_SEARCH_PATHS[sdk=macosx*]" = "@executable_path/../Frameworks";
				MACOSX_DEPLOYMENT_TARGET = 15.5;
				MARKETING_VERSION = 1.0;
				PRODUCT_BUNDLE_IDENTIFIER = "com.roboflow.benchmark.Roboflow-Swift-Benchmark";
				PRODUCT_NAME = "$(TARGET_NAME)";
				REGISTER_APP_GROUPS = YES;
				SDKROOT = auto;
				SUPPORTED_PLATFORMS = "iphoneos iphonesimulator macosx xros xrsimulator";
				SWIFT_EMIT_LOC_STRINGS = YES;
				SWIFT_VERSION = 5.0;
				TARGETED_DEVICE_FAMILY = "1,2,7";
				XROS_DEPLOYMENT_TARGET = 2.5;
			};
			name = Debug;
		};
		BB47123C2E2EF41A00FDA56F /* Release */ = {
			isa = XCBuildConfiguration;
			buildSettings = {
				ASSETCATALOG_COMPILER_APPICON_NAME = AppIcon;
				ASSETCATALOG_COMPILER_GLOBAL_ACCENT_COLOR_NAME = AccentColor;
				CODE_SIGN_ENTITLEMENTS = "Roboflow Swift Benchmark/Roboflow_Swift_Benchmark.entitlements";
				CODE_SIGN_STYLE = Automatic;
				CURRENT_PROJECT_VERSION = 1;
				DEVELOPMENT_TEAM = 7SBQ39NG7G;
				ENABLE_HARDENED_RUNTIME = YES;
				ENABLE_PREVIEWS = YES;
				GENERATE_INFOPLIST_FILE = YES;
				INFOPLIST_FILE = "Roboflow-Swift-Benchmark-Info.plist";
				"INFOPLIST_KEY_UIApplicationSceneManifest_Generation[sdk=iphoneos*]" = YES;
				"INFOPLIST_KEY_UIApplicationSceneManifest_Generation[sdk=iphonesimulator*]" = YES;
				"INFOPLIST_KEY_UIApplicationSupportsIndirectInputEvents[sdk=iphoneos*]" = YES;
				"INFOPLIST_KEY_UIApplicationSupportsIndirectInputEvents[sdk=iphonesimulator*]" = YES;
				"INFOPLIST_KEY_UILaunchScreen_Generation[sdk=iphoneos*]" = YES;
				"INFOPLIST_KEY_UILaunchScreen_Generation[sdk=iphonesimulator*]" = YES;
				"INFOPLIST_KEY_UIStatusBarStyle[sdk=iphoneos*]" = UIStatusBarStyleDefault;
				"INFOPLIST_KEY_UIStatusBarStyle[sdk=iphonesimulator*]" = UIStatusBarStyleDefault;
				INFOPLIST_KEY_UISupportedInterfaceOrientations_iPad = "UIInterfaceOrientationPortrait UIInterfaceOrientationPortraitUpsideDown UIInterfaceOrientationLandscapeLeft UIInterfaceOrientationLandscapeRight";
				IPHONEOS_DEPLOYMENT_TARGET = 18.5;
				LD_RUNPATH_SEARCH_PATHS = "@executable_path/Frameworks";
				"LD_RUNPATH_SEARCH_PATHS[sdk=macosx*]" = "@executable_path/../Frameworks";
				MACOSX_DEPLOYMENT_TARGET = 15.5;
				MARKETING_VERSION = 1.0;
				PRODUCT_BUNDLE_IDENTIFIER = "com.roboflow.benchmark.Roboflow-Swift-Benchmark";
				PRODUCT_NAME = "$(TARGET_NAME)";
				REGISTER_APP_GROUPS = YES;
				SDKROOT = auto;
				SUPPORTED_PLATFORMS = "iphoneos iphonesimulator macosx xros xrsimulator";
				SWIFT_EMIT_LOC_STRINGS = YES;
				SWIFT_VERSION = 5.0;
				TARGETED_DEVICE_FAMILY = "1,2,7";
				XROS_DEPLOYMENT_TARGET = 2.5;
			};
			name = Release;
		};
		BB47123E2E2EF41A00FDA56F /* Debug */ = {
			isa = XCBuildConfiguration;
			buildSettings = {
				BUNDLE_LOADER = "$(TEST_HOST)";
				CODE_SIGN_STYLE = Automatic;
				CURRENT_PROJECT_VERSION = 1;
				DEVELOPMENT_TEAM = 7SBQ39NG7G;
				GENERATE_INFOPLIST_FILE = YES;
				IPHONEOS_DEPLOYMENT_TARGET = 18.5;
				MACOSX_DEPLOYMENT_TARGET = 15.5;
				MARKETING_VERSION = 1.0;
				PRODUCT_BUNDLE_IDENTIFIER = "com.roboflow.benchmark.Roboflow-Swift-BenchmarkTests";
				PRODUCT_NAME = "$(TARGET_NAME)";
				SDKROOT = auto;
				SUPPORTED_PLATFORMS = "iphoneos iphonesimulator macosx xros xrsimulator";
				SWIFT_EMIT_LOC_STRINGS = NO;
				SWIFT_VERSION = 5.0;
				TARGETED_DEVICE_FAMILY = "1,2,7";
				TEST_HOST = "$(BUILT_PRODUCTS_DIR)/Roboflow Swift Benchmark.app/$(BUNDLE_EXECUTABLE_FOLDER_PATH)/Roboflow Swift Benchmark";
				XROS_DEPLOYMENT_TARGET = 2.5;
			};
			name = Debug;
		};
		BB47123F2E2EF41A00FDA56F /* Release */ = {
			isa = XCBuildConfiguration;
			buildSettings = {
				BUNDLE_LOADER = "$(TEST_HOST)";
				CODE_SIGN_STYLE = Automatic;
				CURRENT_PROJECT_VERSION = 1;
				DEVELOPMENT_TEAM = 7SBQ39NG7G;
				GENERATE_INFOPLIST_FILE = YES;
				IPHONEOS_DEPLOYMENT_TARGET = 18.5;
				MACOSX_DEPLOYMENT_TARGET = 15.5;
				MARKETING_VERSION = 1.0;
				PRODUCT_BUNDLE_IDENTIFIER = "com.roboflow.benchmark.Roboflow-Swift-BenchmarkTests";
				PRODUCT_NAME = "$(TARGET_NAME)";
				SDKROOT = auto;
				SUPPORTED_PLATFORMS = "iphoneos iphonesimulator macosx xros xrsimulator";
				SWIFT_EMIT_LOC_STRINGS = NO;
				SWIFT_VERSION = 5.0;
				TARGETED_DEVICE_FAMILY = "1,2,7";
				TEST_HOST = "$(BUILT_PRODUCTS_DIR)/Roboflow Swift Benchmark.app/$(BUNDLE_EXECUTABLE_FOLDER_PATH)/Roboflow Swift Benchmark";
				XROS_DEPLOYMENT_TARGET = 2.5;
			};
			name = Release;
		};
		BB4712412E2EF41A00FDA56F /* Debug */ = {
			isa = XCBuildConfiguration;
			buildSettings = {
				CODE_SIGN_STYLE = Automatic;
				CURRENT_PROJECT_VERSION = 1;
				DEVELOPMENT_TEAM = 7SBQ39NG7G;
				GENERATE_INFOPLIST_FILE = YES;
				IPHONEOS_DEPLOYMENT_TARGET = 18.5;
				MACOSX_DEPLOYMENT_TARGET = 15.5;
				MARKETING_VERSION = 1.0;
				PRODUCT_BUNDLE_IDENTIFIER = "com.roboflow.benchmark.Roboflow-Swift-BenchmarkUITests";
				PRODUCT_NAME = "$(TARGET_NAME)";
				SDKROOT = auto;
				SUPPORTED_PLATFORMS = "iphoneos iphonesimulator macosx xros xrsimulator";
				SWIFT_EMIT_LOC_STRINGS = NO;
				SWIFT_VERSION = 5.0;
				TARGETED_DEVICE_FAMILY = "1,2,7";
				TEST_TARGET_NAME = "Roboflow Swift Benchmark";
				XROS_DEPLOYMENT_TARGET = 2.5;
			};
			name = Debug;
		};
		BB4712422E2EF41A00FDA56F /* Release */ = {
			isa = XCBuildConfiguration;
			buildSettings = {
				CODE_SIGN_STYLE = Automatic;
				CURRENT_PROJECT_VERSION = 1;
				DEVELOPMENT_TEAM = 7SBQ39NG7G;
				GENERATE_INFOPLIST_FILE = YES;
				IPHONEOS_DEPLOYMENT_TARGET = 18.5;
				MACOSX_DEPLOYMENT_TARGET = 15.5;
				MARKETING_VERSION = 1.0;
				PRODUCT_BUNDLE_IDENTIFIER = "com.roboflow.benchmark.Roboflow-Swift-BenchmarkUITests";
				PRODUCT_NAME = "$(TARGET_NAME)";
				SDKROOT = auto;
				SUPPORTED_PLATFORMS = "iphoneos iphonesimulator macosx xros xrsimulator";
				SWIFT_EMIT_LOC_STRINGS = NO;
				SWIFT_VERSION = 5.0;
				TARGETED_DEVICE_FAMILY = "1,2,7";
				TEST_TARGET_NAME = "Roboflow Swift Benchmark";
				XROS_DEPLOYMENT_TARGET = 2.5;
			};
			name = Release;
		};
/* End XCBuildConfiguration section */

/* Begin XCConfigurationList section */
		BB4712132E2EF41900FDA56F /* Build configuration list for PBXProject "Roboflow Swift Benchmark" */ = {
			isa = XCConfigurationList;
			buildConfigurations = (
				BB4712382E2EF41A00FDA56F /* Debug */,
				BB4712392E2EF41A00FDA56F /* Release */,
			);
			defaultConfigurationIsVisible = 0;
			defaultConfigurationName = Release;
		};
		BB47123A2E2EF41A00FDA56F /* Build configuration list for PBXNativeTarget "Roboflow Swift Benchmark" */ = {
			isa = XCConfigurationList;
			buildConfigurations = (
				BB47123B2E2EF41A00FDA56F /* Debug */,
				BB47123C2E2EF41A00FDA56F /* Release */,
			);
			defaultConfigurationIsVisible = 0;
			defaultConfigurationName = Release;
		};
		BB47123D2E2EF41A00FDA56F /* Build configuration list for PBXNativeTarget "Roboflow Swift BenchmarkTests" */ = {
			isa = XCConfigurationList;
			buildConfigurations = (
				BB47123E2E2EF41A00FDA56F /* Debug */,
				BB47123F2E2EF41A00FDA56F /* Release */,
			);
			defaultConfigurationIsVisible = 0;
			defaultConfigurationName = Release;
		};
		BB4712402E2EF41A00FDA56F /* Build configuration list for PBXNativeTarget "Roboflow Swift BenchmarkUITests" */ = {
			isa = XCConfigurationList;
			buildConfigurations = (
				BB4712412E2EF41A00FDA56F /* Debug */,
				BB4712422E2EF41A00FDA56F /* Release */,
			);
			defaultConfigurationIsVisible = 0;
			defaultConfigurationName = Release;
		};
/* End XCConfigurationList section */

/* Begin XCLocalSwiftPackageReference section */
		BB6B35AE2E2EF81C00CE2FCF /* XCLocalSwiftPackageReference "../../../roboflow-swift" */ = {
			isa = XCLocalSwiftPackageReference;
			relativePath = "../../../roboflow-swift";
		};
/* End XCLocalSwiftPackageReference section */

/* Begin XCSwiftPackageProductDependency section */
		BB6B35AF2E2EF81C00CE2FCF /* Roboflow */ = {
			isa = XCSwiftPackageProductDependency;
			productName = Roboflow;
		};
/* End XCSwiftPackageProductDependency section */
	};
	rootObject = BB4712102E2EF41900FDA56F /* Project object */;
}
